uuid: 20bee171-fd35-4d14-ba90-430f2e2bdb54
langcode: en
status: true
dependencies:
  module:
    - participer
    - system
  theme:
    - bartik
id: participerparticipatetoaeventblock
theme: bartik
region: content
weight: 0
provider: null
plugin: participate_event_block
settings:
  id: participate_event_block
  label: 'Participer participate to a event block'
  provider: participer
  label_display: visible
visibility:
  request_path:
    id: request_path
    pages: '/evenement/*'
    negate: false
    context_mapping: {  }